{
    "_readme": [
        "This file locks the dependencies of your project to a known state",
        "Read more about it at https://getcomposer.org/doc/01-basic-usage.md#composer-lock-the-lock-file",
        "This file is @generated automatically"
    ],
    "hash": "3ffe10675a5089b306dfefe1f2706b0d",
    "content-hash": "ff76e5055c10820c7979e0743f6695d5",
    "packages": [
        {
            "name": "mustache/mustache",
            "version": "v2.9.0",
            "source": {
                "type": "git",
                "url": "https://github.com/bobthecow/mustache.php.git",
                "reference": "c745b01956caf27d26b55a72a90aff56bc169cd6"
            },
            "dist": {
                "type": "zip",
                "url": "https://api.github.com/repos/bobthecow/mustache.php/zipball/c745b01956caf27d26b55a72a90aff56bc169cd6",
                "reference": "c745b01956caf27d26b55a72a90aff56bc169cd6",
                "shasum": ""
            },
            "require": {
                "php": ">=5.2.4"
            },
            "require-dev": {
                "fabpot/php-cs-fixer": "~1.6",
                "phpunit/phpunit": "~3.7|~4.0"
            },
            "type": "library",
            "autoload": {
                "psr-0": {
                    "Mustache": "src/"
                }
            },
            "notification-url": "https://packagist.org/downloads/",
            "license": [
                "MIT"
            ],
            "authors": [
                {
                    "name": "Justin Hileman",
                    "email": "justin@justinhileman.info",
                    "homepage": "http://justinhileman.com"
                }
            ],
            "description": "A Mustache implementation in PHP.",
            "homepage": "https://github.com/bobthecow/mustache.php",
            "keywords": [
                "mustache",
                "templating"
            ],
            "time": "2015-08-15 19:23:13"
        },
        {
            "name": "wp-cli/php-cli-tools",
            "version": "v0.10.5",
            "source": {
                "type": "git",
                "url": "https://github.com/wp-cli/php-cli-tools.git",
                "reference": "037a010441a5c220cd1df26cdc9b20ad73408356"
            },
            "dist": {
                "type": "zip",
                "url": "https://api.github.com/repos/wp-cli/php-cli-tools/zipball/037a010441a5c220cd1df26cdc9b20ad73408356",
                "reference": "037a010441a5c220cd1df26cdc9b20ad73408356",
                "shasum": ""
            },
            "require": {
                "php": ">= 5.3.0"
            },
            "type": "library",
            "autoload": {
                "psr-0": {
                    "cli": "lib/"
                },
                "files": [
                    "lib/cli/cli.php"
                ]
            },
            "notification-url": "https://packagist.org/downloads/",
            "license": [
                "MIT"
            ],
            "authors": [
                {
                    "name": "James Logsdon",
                    "email": "jlogsdon@php.net",
                    "role": "Developer"
                },
                {
                    "name": "Daniel Bachhuber",
                    "email": "daniel@handbuilt.co",
                    "role": "Maintainer"
                }
            ],
            "description": "Console utilities for PHP",
            "homepage": "http://github.com/wp-cli/php-cli-tools",
            "keywords": [
                "cli",
                "console"
            ],
            "time": "2015-08-10 12:46:19"
        }
    ],
    "packages-dev": [],
    "aliases": [],
    "minimum-stability": "stable",
    "stability-flags": [],
    "prefer-stable": false,
    "prefer-lowest": false,
    "platform": [],
    "platform-dev": []
}
